
Microsoft Visual Studio Solution File, Format Version 12.00
# Visual Studio 15
VisualStudioVersion = 15.0.27703.2035
MinimumVisualStudioVersion = 10.0.40219.1
Project("{E24C65DC-7377-472B-9ABA-BC803B73C61A}") = "PerspectiveView", "PerspectiveView\", "{DCC731A2-073B-4F9D-BFAD-AE3417D49726}"
	ProjectSection(WebsiteProperties) = preProject
		TargetFrameworkMoniker = ".NETFramework,Version%3Dv4.6.1"
		Debug.AspNetCompiler.VirtualPath = "/localhost_28335"
		Debug.AspNetCompiler.PhysicalPath = "PerspectiveView\"
		Debug.AspNetCompiler.TargetPath = "PrecompiledWeb\localhost_28335\"
		Debug.AspNetCompiler.Updateable = "true"
		Debug.AspNetCompiler.ForceOverwrite = "true"
		Debug.AspNetCompiler.FixedNames = "false"
		Debug.AspNetCompiler.Debug = "True"
		Release.AspNetCompiler.VirtualPath = "/localhost_28335"
		Release.AspNetCompiler.PhysicalPath = "PerspectiveView\"
		Release.AspNetCompiler.TargetPath = "PrecompiledWeb\localhost_28335\"
		Release.AspNetCompiler.Updateable = "true"
		Release.AspNetCompiler.ForceOverwrite = "true"
		Release.AspNetCompiler.FixedNames = "false"
		Release.AspNetCompiler.Debug = "False"
		VWDPort = "28335"
		SlnRelativePath = "PerspectiveView\"
		DefaultWebSiteLanguage = "Visual C#"
	EndProjectSection
EndProject
Global
	GlobalSection(SolutionConfigurationPlatforms) = preSolution
		Debug|Any CPU = Debug|Any CPU
	EndGlobalSection
	GlobalSection(ProjectConfigurationPlatforms) = postSolution
		{DCC731A2-073B-4F9D-BFAD-AE3417D49726}.Debug|Any CPU.ActiveCfg = Debug|Any CPU
		{DCC731A2-073B-4F9D-BFAD-AE3417D49726}.Debug|Any CPU.Build.0 = Debug|Any CPU
	EndGlobalSection
	GlobalSection(SolutionProperties) = preSolution
		HideSolutionNode = FALSE
	EndGlobalSection
	GlobalSection(ExtensibilityGlobals) = postSolution
		SolutionGuid = {F51BAE62-A489-4C18-8DE6-CD2C636E586F}
	EndGlobalSection
EndGlobal
